
Microsoft Visual Studio Solution File, Format Version 12.00
# Visual Studio Version 17
VisualStudioVersion = 17.3.32811.315
MinimumVisualStudioVersion = 10.0.40219.1
Project("{FAE04EC0-301F-11D3-BF4B-00C04F79EFBC}") = "Stage2-BrowserTest", "Stage2-BrowserTest\Stage2-BrowserTest.csproj", "{53EA6B31-79B9-488F-86AA-185A7265C447}"
EndProject
Global
	GlobalSection(SolutionConfigurationPlatforms) = preSolution
		Debug|Any CPU = Debug|Any CPU
		Release|Any CPU = Release|Any CPU
	EndGlobalSection
	GlobalSection(ProjectConfigurationPlatforms) = postSolution
		{53EA6B31-79B9-488F-86AA-185A7265C447}.Debug|Any CPU.ActiveCfg = Debug|Any CPU
		{53EA6B31-79B9-488F-86AA-185A7265C447}.Debug|Any CPU.Build.0 = Debug|Any CPU
		{53EA6B31-79B9-488F-86AA-185A7265C447}.Release|Any CPU.ActiveCfg = Release|Any CPU
		{53EA6B31-79B9-488F-86AA-185A7265C447}.Release|Any CPU.Build.0 = Release|Any CPU
	EndGlobalSection
	GlobalSection(SolutionProperties) = preSolution
		HideSolutionNode = FALSE
	EndGlobalSection
	GlobalSection(ExtensibilityGlobals) = postSolution
		SolutionGuid = {95118DE5-E03A-4E0B-BE2A-1A7968FDCF4A}
	EndGlobalSection
EndGlobal
